
Microsoft Visual Studio Solution File, Format Version 12.00
# Visual Studio Version 17
VisualStudioVersion = 17.11.35222.181
MinimumVisualStudioVersion = 10.0.40219.1
Project("{8BC9CEB8-8B4A-11D0-8D11-00A0C91BC942}") = "string_cp", "string_cp.vcxproj", "{4413F1B3-A3AB-4FFB-B29D-B5B0BFE4FEED}"
EndProject
Global
	GlobalSection(SolutionConfigurationPlatforms) = preSolution
		Debug|x64 = Debug|x64
		Debug|x86 = Debug|x86
		Release|x64 = Release|x64
		Release|x86 = Release|x86
	EndGlobalSection
	GlobalSection(ProjectConfigurationPlatforms) = postSolution
		{4413F1B3-A3AB-4FFB-B29D-B5B0BFE4FEED}.Debug|x64.ActiveCfg = Debug|x64
		{4413F1B3-A3AB-4FFB-B29D-B5B0BFE4FEED}.Debug|x64.Build.0 = Debug|x64
		{4413F1B3-A3AB-4FFB-B29D-B5B0BFE4FEED}.Debug|x86.ActiveCfg = Debug|Win32
		{4413F1B3-A3AB-4FFB-B29D-B5B0BFE4FEED}.Debug|x86.Build.0 = Debug|Win32
		{4413F1B3-A3AB-4FFB-B29D-B5B0BFE4FEED}.Release|x64.ActiveCfg = Release|x64
		{4413F1B3-A3AB-4FFB-B29D-B5B0BFE4FEED}.Release|x64.Build.0 = Release|x64
		{4413F1B3-A3AB-4FFB-B29D-B5B0BFE4FEED}.Release|x86.ActiveCfg = Release|Win32
		{4413F1B3-A3AB-4FFB-B29D-B5B0BFE4FEED}.Release|x86.Build.0 = Release|Win32
	EndGlobalSection
	GlobalSection(SolutionProperties) = preSolution
		HideSolutionNode = FALSE
	EndGlobalSection
	GlobalSection(ExtensibilityGlobals) = postSolution
		SolutionGuid = {8C177F01-5598-4C53-B05A-F8BD900C1175}
	EndGlobalSection
EndGlobal
